// !$*UTF8*$!
{
	archiveVersion = 1;
	classes = {
	};
	objectVersion = 50;
	objects = {

/* Begin PBXBuildFile section */
		8CF1ECF7215FA357002B401D /* AppDelegate.m in Sources */ = {isa = PBXBuildFile; fileRef = 8CF1ECF6215FA357002B401D /* AppDelegate.m */; };
		8CF1ECFA215FA357002B401D /* ViewController.mm in Sources */ = {isa = PBXBuildFile; fileRef = 8CF1ECF9215FA357002B401D /* ViewController.mm */; };
		8CF1ECFD215FA357002B401D /* Main.storyboard in Resources */ = {isa = PBXBuildFile; fileRef = 8CF1ECFB215FA357002B401D /* Main.storyboard */; };
		8CF1ECFF215FA358002B401D /* Assets.xcassets in Resources */ = {isa = PBXBuildFile; fileRef = 8CF1ECFE215FA358002B401D /* Assets.xcassets */; };
		8CF1ED02215FA358002B401D /* LaunchScreen.storyboard in Resources */ = {isa = PBXBuildFile; fileRef = 8CF1ED00215FA358002B401D /* LaunchScreen.storyboard */; };
		8CF1ED05215FA358002B401D /* main.m in Sources */ = {isa = PBXBuildFile; fileRef = 8CF1ED04215FA358002B401D /* main.m */; };
		8CF1ED0D215FAAD4002B401D /* ModelIO.framework in Frameworks */ = {isa = PBXBuildFile; fileRef = 8CF1ED0C215FAAD4002B401D /* ModelIO.framework */; };
		8CF1ED0F215FAADA002B401D /* MetalKit.framework in Frameworks */ = {isa = PBXBuildFile; fileRef = 8CF1ED0E215FAAD9002B401D /* MetalKit.framework */; };
		8CF1ED11215FAADD002B401D /* Metal.framework in Frameworks */ = {isa = PBXBuildFile; fileRef = 8CF1ED10215FAADD002B401D /* Metal.framework */; };
/* End PBXBuildFile section */

/* Begin PBXFileReference section */
		8CF1ECF2215FA357002B401D /* ExpertInMetal.app */ = {isa = PBXFileReference; explicitFileType = wrapper.application; includeInIndex = 0; path = ExpertInMetal.app; sourceTree = BUILT_PRODUCTS_DIR; };
		8CF1ECF5215FA357002B401D /* AppDelegate.h */ = {isa = PBXFileReference; lastKnownFileType = sourcecode.c.h; path = AppDelegate.h; sourceTree = "<group>"; };
		8CF1ECF6215FA357002B401D /* AppDelegate.m */ = {isa = PBXFileReference; lastKnownFileType = sourcecode.c.objc; path = AppDelegate.m; sourceTree = "<group>"; };
		8CF1ECF8215FA357002B401D /* ViewController.h */ = {isa = PBXFileReference; lastKnownFileType = sourcecode.c.h; path = ViewController.h; sourceTree = "<group>"; };
		8CF1ECF9215FA357002B401D /* ViewController.mm */ = {isa = PBXFileReference; lastKnownFileType = sourcecode.cpp.objcpp; path = ViewController.mm; sourceTree = "<group>"; };
		8CF1ECFC215FA357002B401D /* Base */ = {isa = PBXFileReference; lastKnownFileType = file.storyboard; name = Base; path = Base.lproj/Main.storyboard; sourceTree = "<group>"; };
		8CF1ECFE215FA358002B401D /* Assets.xcassets */ = {isa = PBXFileReference; lastKnownFileType = folder.assetcatalog; path = Assets.xcassets; sourceTree = "<group>"; };
		8CF1ED01215FA358002B401D /* Base */ = {isa = PBXFileReference; lastKnownFileType = file.storyboard; name = Base; path = Base.lproj/LaunchScreen.storyboard; sourceTree = "<group>"; };
		8CF1ED03215FA358002B401D /* Info.plist */ = {isa = PBXFileReference; lastKnownFileType = text.plist.xml; path = Info.plist; sourceTree = "<group>"; };
		8CF1ED04215FA358002B401D /* main.m */ = {isa = PBXFileReference; lastKnownFileType = sourcecode.c.objc; path = main.m; sourceTree = "<group>"; };
		8CF1ED0C215FAAD4002B401D /* ModelIO.framework */ = {isa = PBXFileReference; lastKnownFileType = wrapper.framework; name = ModelIO.framework; path = System/Library/Frameworks/ModelIO.framework; sourceTree = SDKROOT; };
		8CF1ED0E215FAAD9002B401D /* MetalKit.framework */ = {isa = PBXFileReference; lastKnownFileType = wrapper.framework; name = MetalKit.framework; path = System/Library/Frameworks/MetalKit.framework; sourceTree = SDKROOT; };
		8CF1ED10215FAADD002B401D /* Metal.framework */ = {isa = PBXFileReference; lastKnownFileType = wrapper.framework; name = Metal.framework; path = System/Library/Frameworks/Metal.framework; sourceTree = SDKROOT; };
/* End PBXFileReference section */

/* Begin PBXFrameworksBuildPhase section */
		8CF1ECEF215FA357002B401D /* Frameworks */ = {
			isa = PBXFrameworksBuildPhase;
			buildActionMask = 2147483647;
			files = (
				8CF1ED11215FAADD002B401D /* Metal.framework in Frameworks */,
				8CF1ED0F215FAADA002B401D /* MetalKit.framework in Frameworks */,
				8CF1ED0D215FAAD4002B401D /* ModelIO.framework in Frameworks */,
			);
			runOnlyForDeploymentPostprocessing = 0;
		};
/* End PBXFrameworksBuildPhase section */

/* Begin PBXGroup section */
		8CF1ECE9215FA357002B401D = {
			isa = PBXGroup;
			children = (
				8CF1ECF4215FA357002B401D /* ExpertInMetal */,
				8CF1ECF3215FA357002B401D /* Products */,
				8CF1ED0B215FAAD3002B401D /* Frameworks */,
			);
			sourceTree = "<group>";
		};
		8CF1ECF3215FA357002B401D /* Products */ = {
			isa = PBXGroup;
			children = (
				8CF1ECF2215FA357002B401D /* ExpertInMetal.app */,
			);
			name = Products;
			sourceTree = "<group>";
		};
		8CF1ECF4215FA357002B401D /* ExpertInMetal */ = {
			isa = PBXGroup;
			children = (
				8CF1ECF5215FA357002B401D /* AppDelegate.h */,
				8CF1ECF6215FA357002B401D /* AppDelegate.m */,
				8CF1ECF8215FA357002B401D /* ViewController.h */,
				8CF1ECF9215FA357002B401D /* ViewController.mm */,
				8CF1ECFB215FA357002B401D /* Main.storyboard */,
				8CF1ECFE215FA358002B401D /* Assets.xcassets */,
				8CF1ED00215FA358002B401D /* LaunchScreen.storyboard */,
				8CF1ED03215FA358002B401D /* Info.plist */,
				8CF1ED04215FA358002B401D /* main.m */,
			);
			path = ExpertInMetal;
			sourceTree = "<group>";
		};
		8CF1ED0B215FAAD3002B401D /* Frameworks */ = {
			isa = PBXGroup;
			children = (
				8CF1ED10215FAADD002B401D /* Metal.framework */,
				8CF1ED0E215FAAD9002B401D /* MetalKit.framework */,
				8CF1ED0C215FAAD4002B401D /* ModelIO.framework */,
			);
			name = Frameworks;
			sourceTree = "<group>";
		};
/* End PBXGroup section */

/* Begin PBXNativeTarget section */
		8CF1ECF1215FA357002B401D /* ExpertInMetal */ = {
			isa = PBXNativeTarget;
			buildConfigurationList = 8CF1ED08215FA358002B401D /* Build configuration list for PBXNativeTarget "ExpertInMetal" */;
			buildPhases = (
				8CF1ECEE215FA357002B401D /* Sources */,
				8CF1ECEF215FA357002B401D /* Frameworks */,
				8CF1ECF0215FA357002B401D /* Resources */,
			);
			buildRules = (
			);
			dependencies = (
			);
			name = ExpertInMetal;
			productName = ExpertInMetal;
			productReference = 8CF1ECF2215FA357002B401D /* ExpertInMetal.app */;
			productType = "com.apple.product-type.application";
		};
/* End PBXNativeTarget section */

/* Begin PBXProject section */
		8CF1ECEA215FA357002B401D /* Project object */ = {
			isa = PBXProject;
			attributes = {
				LastUpgradeCheck = 1000;
				ORGANIZATIONNAME = "王可成";
				TargetAttributes = {
					8CF1ECF1215FA357002B401D = {
						CreatedOnToolsVersion = 10.0;
					};
				};
			};
			buildConfigurationList = 8CF1ECED215FA357002B401D /* Build configuration list for PBXProject "ExpertInMetal" */;
			compatibilityVersion = "Xcode 9.3";
			developmentRegion = en;
			hasScannedForEncodings = 0;
			knownRegions = (
				en,
				Base,
			);
			mainGroup = 8CF1ECE9215FA357002B401D;
			productRefGroup = 8CF1ECF3215FA357002B401D /* Products */;
			projectDirPath = "";
			projectRoot = "";
			targets = (
				8CF1ECF1215FA357002B401D /* ExpertInMetal */,
			);
		};
/* End PBXProject section */

/* Begin PBXResourcesBuildPhase section */
		8CF1ECF0215FA357002B401D /* Resources */ = {
			isa = PBXResourcesBuildPhase;
			buildActionMask = 2147483647;
			files = (
				8CF1ED02215FA358002B401D /* LaunchScreen.storyboard in Resources */,
				8CF1ECFF215FA358002B401D /* Assets.xcassets in Resources */,
				8CF1ECFD215FA357002B401D /* Main.storyboard in Resources */,
			);
			runOnlyForDeploymentPostprocessing = 0;
		};
/* End PBXResourcesBuildPhase section */

/* Begin PBXSourcesBuildPhase section */
		8CF1ECEE215FA357002B401D /* Sources */ = {
			isa = PBXSourcesBuildPhase;
			buildActionMask = 2147483647;
			files = (
				8CF1ECFA215FA357002B401D /* ViewController.mm in Sources */,
				8CF1ED05215FA358002B401D /* main.m in Sources */,
				8CF1ECF7215FA357002B401D /* AppDelegate.m in Sources */,
			);
			runOnlyForDeploymentPostprocessing = 0;
		};
/* End PBXSourcesBuildPhase section */

/* Begin PBXVariantGroup section */
		8CF1ECFB215FA357002B401D /* Main.storyboard */ = {
			isa = PBXVariantGroup;
			children = (
				8CF1ECFC215FA357002B401D /* Base */,
			);
			name = Main.storyboard;
			sourceTree = "<group>";
		};
		8CF1ED00215FA358002B401D /* LaunchScreen.storyboard */ = {
			isa = PBXVariantGroup;
			children = (
				8CF1ED01215FA358002B401D /* Base */,
			);
			name = LaunchScreen.storyboard;
			sourceTree = "<group>";
		};
/* End PBXVariantGroup section */

/* Begin XCBuildConfiguration section */
		8CF1ED06215FA358002B401D /* Debug */ = {
			isa = XCBuildConfiguration;
			buildSettings = {
				ALWAYS_SEARCH_USER_PATHS = NO;
				CLANG_ANALYZER_NONNULL = YES;
				CLANG_ANALYZER_NUMBER_OBJECT_CONVERSION = YES_AGGRESSIVE;
				CLANG_CXX_LANGUAGE_STANDARD = "gnu++14";
				CLANG_CXX_LIBRARY = "libc++";
				CLANG_ENABLE_MODULES = YES;
				CLANG_ENABLE_OBJC_ARC = YES;
				CLANG_ENABLE_OBJC_WEAK = YES;
				CLANG_WARN_BLOCK_CAPTURE_AUTORELEASING = YES;
				CLANG_WARN_BOOL_CONVERSION = YES;
				CLANG_WARN_COMMA = YES;
				CLANG_WARN_CONSTANT_CONVERSION = YES;
				CLANG_WARN_DEPRECATED_OBJC_IMPLEMENTATIONS = YES;
				CLANG_WARN_DIRECT_OBJC_ISA_USAGE = YES_ERROR;
				CLANG_WARN_DOCUMENTATION_COMMENTS = YES;
				CLANG_WARN_EMPTY_BODY = YES;
				CLANG_WARN_ENUM_CONVERSION = YES;
				CLANG_WARN_INFINITE_RECURSION = YES;
				CLANG_WARN_INT_CONVERSION = YES;
				CLANG_WARN_NON_LITERAL_NULL_CONVERSION = YES;
				CLANG_WARN_OBJC_IMPLICIT_RETAIN_SELF = YES;
				CLANG_WARN_OBJC_LITERAL_CONVERSION = YES;
				CLANG_WARN_OBJC_ROOT_CLASS = YES_ERROR;
				CLANG_WARN_RANGE_LOOP_ANALYSIS = YES;
				CLANG_WARN_STRICT_PROTOTYPES = YES;
				CLANG_WARN_SUSPICIOUS_MOVE = YES;
				CLANG_WARN_UNGUARDED_AVAILABILITY = YES_AGGRESSIVE;
				CLANG_WARN_UNREACHABLE_CODE = YES;
				CLANG_WARN__DUPLICATE_METHOD_MATCH = YES;
				CODE_SIGN_IDENTITY = "iPhone Developer";
				COPY_PHASE_STRIP = NO;
				DEBUG_INFORMATION_FORMAT = dwarf;
				ENABLE_STRICT_OBJC_MSGSEND = YES;
				ENABLE_TESTABILITY = YES;
				GCC_C_LANGUAGE_STANDARD = gnu11;
				GCC_DYNAMIC_NO_PIC = NO;
				GCC_NO_COMMON_BLOCKS = YES;
				GCC_OPTIMIZATION_LEVEL = 0;
				GCC_PREPROCESSOR_DEFINITIONS = (
					"DEBUG=1",
					"$(inherited)",
				);
				GCC_WARN_64_TO_32_BIT_CONVERSION = YES;
				GCC_WARN_ABOUT_RETURN_TYPE = YES_ERROR;
				GCC_WARN_UNDECLARED_SELECTOR = YES;
				GCC_WARN_UNINITIALIZED_AUTOS = YES_AGGRESSIVE;
				GCC_WARN_UNUSED_FUNCTION = YES;
				GCC_WARN_UNUSED_VARIABLE = YES;
				IPHONEOS_DEPLOYMENT_TARGET = 12.0;
				MTL_ENABLE_DEBUG_INFO = INCLUDE_SOURCE;
				MTL_FAST_MATH = YES;
				ONLY_ACTIVE_ARCH = YES;
				SDKROOT = iphoneos;
			};
			name = Debug;
		};
		8CF1ED07215FA358002B401D /* Release */ = {
			isa = XCBuildConfiguration;
			buildSettings = {
				ALWAYS_SEARCH_USER_PATHS = NO;
				CLANG_ANALYZER_NONNULL = YES;
				CLANG_ANALYZER_NUMBER_OBJECT_CONVERSION = YES_AGGRESSIVE;
				CLANG_CXX_LANGUAGE_STANDARD = "gnu++14";
				CLANG_CXX_LIBRARY = "libc++";
				CLANG_ENABLE_MODULES = YES;
				CLANG_ENABLE_OBJC_ARC = YES;
				CLANG_ENABLE_OBJC_WEAK = YES;
				CLANG_WARN_BLOCK_CAPTURE_AUTORELEASING = YES;
				CLANG_WARN_BOOL_CONVERSION = YES;
				CLANG_WARN_COMMA = YES;
				CLANG_WARN_CONSTANT_CONVERSION = YES;
				CLANG_WARN_DEPRECATED_OBJC_IMPLEMENTATIONS = YES;
				CLANG_WARN_DIRECT_OBJC_ISA_USAGE = YES_ERROR;
				CLANG_WARN_DOCUMENTATION_COMMENTS = YES;
				CLANG_WARN_EMPTY_BODY = YES;
				CLANG_WARN_ENUM_CONVERSION = YES;
				CLANG_WARN_INFINITE_RECURSION = YES;
				CLANG_WARN_INT_CONVERSION = YES;
				CLANG_WARN_NON_LITERAL_NULL_CONVERSION = YES;
				CLANG_WARN_OBJC_IMPLICIT_RETAIN_SELF = YES;
				CLANG_WARN_OBJC_LITERAL_CONVERSION = YES;
				CLANG_WARN_OBJC_ROOT_CLASS = YES_ERROR;
				CLANG_WARN_RANGE_LOOP_ANALYSIS = YES;
				CLANG_WARN_STRICT_PROTOTYPES = YES;
				CLANG_WARN_SUSPICIOUS_MOVE = YES;
				CLANG_WARN_UNGUARDED_AVAILABILITY = YES_AGGRESSIVE;
				CLANG_WARN_UNREACHABLE_CODE = YES;
				CLANG_WARN__DUPLICATE_METHOD_MATCH = YES;
				CODE_SIGN_IDENTITY = "iPhone Developer";
				COPY_PHASE_STRIP = NO;
				DEBUG_INFORMATION_FORMAT = "dwarf-with-dsym";
				ENABLE_NS_ASSERTIONS = NO;
				ENABLE_STRICT_OBJC_MSGSEND = YES;
				GCC_C_LANGUAGE_STANDARD = gnu11;
				GCC_NO_COMMON_BLOCKS = YES;
				GCC_WARN_64_TO_32_BIT_CONVERSION = YES;
				GCC_WARN_ABOUT_RETURN_TYPE = YES_ERROR;
				GCC_WARN_UNDECLARED_SELECTOR = YES;
				GCC_WARN_UNINITIALIZED_AUTOS = YES_AGGRESSIVE;
				GCC_WARN_UNUSED_FUNCTION = YES;
				GCC_WARN_UNUSED_VARIABLE = YES;
				IPHONEOS_DEPLOYMENT_TARGET = 12.0;
				MTL_ENABLE_DEBUG_INFO = NO;
				MTL_FAST_MATH = YES;
				SDKROOT = iphoneos;
				VALIDATE_PRODUCT = YES;
			};
			name = Release;
		};
		8CF1ED09215FA358002B401D /* Debug */ = {
			isa = XCBuildConfiguration;
			buildSettings = {
				ASSETCATALOG_COMPILER_APPICON_NAME = AppIcon;
				CLANG_CXX_LANGUAGE_STANDARD = "gnu++14";
				CLANG_CXX_LIBRARY = "libc++";
				CODE_SIGN_STYLE = Automatic;
				DEVELOPMENT_TEAM = HVZG4S3L8Y;
				INFOPLIST_FILE = ExpertInMetal/Info.plist;
				IPHONEOS_DEPLOYMENT_TARGET = 11.0;
				LD_RUNPATH_SEARCH_PATHS = (
					"$(inherited)",
					"@executable_path/Frameworks",
				);
				PRODUCT_BUNDLE_IDENTIFIER = com.alan.ExpertInMetal;
				PRODUCT_NAME = "$(TARGET_NAME)";
				TARGETED_DEVICE_FAMILY = "1,2";
			};
			name = Debug;
		};
		8CF1ED0A215FA358002B401D /* Release */ = {
			isa = XCBuildConfiguration;
			buildSettings = {
				ASSETCATALOG_COMPILER_APPICON_NAME = AppIcon;
				CLANG_CXX_LANGUAGE_STANDARD = "gnu++14";
				CLANG_CXX_LIBRARY = "libc++";
				CODE_SIGN_STYLE = Automatic;
				DEVELOPMENT_TEAM = HVZG4S3L8Y;
				INFOPLIST_FILE = ExpertInMetal/Info.plist;
				IPHONEOS_DEPLOYMENT_TARGET = 11.0;
				LD_RUNPATH_SEARCH_PATHS = (
					"$(inherited)",
					"@executable_path/Frameworks",
				);
				PRODUCT_BUNDLE_IDENTIFIER = com.alan.ExpertInMetal;
				PRODUCT_NAME = "$(TARGET_NAME)";
				TARGETED_DEVICE_FAMILY = "1,2";
			};
			name = Release;
		};
/* End XCBuildConfiguration section */

/* Begin XCConfigurationList section */
		8CF1ECED215FA357002B401D /* Build configuration list for PBXProject "ExpertInMetal" */ = {
			isa = XCConfigurationList;
			buildConfigurations = (
				8CF1ED06215FA358002B401D /* Debug */,
				8CF1ED07215FA358002B401D /* Release */,
			);
			defaultConfigurationIsVisible = 0;
			defaultConfigurationName = Release;
		};
		8CF1ED08215FA358002B401D /* Build configuration list for PBXNativeTarget "ExpertInMetal" */ = {
			isa = XCConfigurationList;
			buildConfigurations = (
				8CF1ED09215FA358002B401D /* Debug */,
				8CF1ED0A215FA358002B401D /* Release */,
			);
			defaultConfigurationIsVisible = 0;
			defaultConfigurationName = Release;
		};
/* End XCConfigurationList section */
	};
	rootObject = 8CF1ECEA215FA357002B401D /* Project object */;
}
